
Microsoft Visual Studio Solution File, Format Version 12.00
# Visual Studio Version 16
VisualStudioVersion = 16.0.29102.190
MinimumVisualStudioVersion = 10.0.40219.1
Project("{9A19103F-16F7-4668-BE54-9A1E7A4F7556}") = "Library.Framework.Core", "Library.Framework.Core\Library.Framework.Core.csproj", "{22B269BA-8A34-428E-821F-81BF33F64027}"
EndProject
Project("{9A19103F-16F7-4668-BE54-9A1E7A4F7556}") = "Library.Framework.Web", "Library.Framework.Web\Library.Framework.Web.csproj", "{AD9433DC-55BD-48A7-9321-8099CA0C1D8F}"
EndProject
Project("{FAE04EC0-301F-11D3-BF4B-00C04F79EFBC}") = "Framework.Web.Test", "Framework.Web.Test\Framework.Web.Test.csproj", "{3544A5DE-BF98-4A23-8A3C-00CE60538A22}"
EndProject
Global
	GlobalSection(SolutionConfigurationPlatforms) = preSolution
		Debug|Any CPU = Debug|Any CPU
		Release|Any CPU = Release|Any CPU
	EndGlobalSection
	GlobalSection(ProjectConfigurationPlatforms) = postSolution
		{22B269BA-8A34-428E-821F-81BF33F64027}.Debug|Any CPU.ActiveCfg = Debug|Any CPU
		{22B269BA-8A34-428E-821F-81BF33F64027}.Debug|Any CPU.Build.0 = Debug|Any CPU
		{22B269BA-8A34-428E-821F-81BF33F64027}.Release|Any CPU.ActiveCfg = Release|Any CPU
		{22B269BA-8A34-428E-821F-81BF33F64027}.Release|Any CPU.Build.0 = Release|Any CPU
		{AD9433DC-55BD-48A7-9321-8099CA0C1D8F}.Debug|Any CPU.ActiveCfg = Debug|Any CPU
		{AD9433DC-55BD-48A7-9321-8099CA0C1D8F}.Debug|Any CPU.Build.0 = Debug|Any CPU
		{AD9433DC-55BD-48A7-9321-8099CA0C1D8F}.Release|Any CPU.ActiveCfg = Release|Any CPU
		{AD9433DC-55BD-48A7-9321-8099CA0C1D8F}.Release|Any CPU.Build.0 = Release|Any CPU
		{3544A5DE-BF98-4A23-8A3C-00CE60538A22}.Debug|Any CPU.ActiveCfg = Debug|Any CPU
		{3544A5DE-BF98-4A23-8A3C-00CE60538A22}.Debug|Any CPU.Build.0 = Debug|Any CPU
		{3544A5DE-BF98-4A23-8A3C-00CE60538A22}.Release|Any CPU.ActiveCfg = Release|Any CPU
		{3544A5DE-BF98-4A23-8A3C-00CE60538A22}.Release|Any CPU.Build.0 = Release|Any CPU
	EndGlobalSection
	GlobalSection(SolutionProperties) = preSolution
		HideSolutionNode = FALSE
	EndGlobalSection
	GlobalSection(ExtensibilityGlobals) = postSolution
		SolutionGuid = {2EA98FAC-CCA9-4EA3-8756-12F4D414D615}
	EndGlobalSection
EndGlobal
